// !$*UTF8*$!
{
	archiveVersion = 1;
	classes = {
	};
	objectVersion = 50;
	objects = {

/* Begin PBXBuildFile section */
		4701D6FB2555229000BF6AAF /* AppDelegate.swift in Sources */ = {isa = PBXBuildFile; fileRef = 4701D6FA2555229000BF6AAF /* AppDelegate.swift */; };
		4701D6FD2555229000BF6AAF /* SceneDelegate.swift in Sources */ = {isa = PBXBuildFile; fileRef = 4701D6FC2555229000BF6AAF /* SceneDelegate.swift */; };
		4701D6FF2555229000BF6AAF /* ViewController.swift in Sources */ = {isa = PBXBuildFile; fileRef = 4701D6FE2555229000BF6AAF /* ViewController.swift */; };
		4701D7022555229000BF6AAF /* Main.storyboard in Resources */ = {isa = PBXBuildFile; fileRef = 4701D7002555229000BF6AAF /* Main.storyboard */; };
		4701D7042555229100BF6AAF /* Assets.xcassets in Resources */ = {isa = PBXBuildFile; fileRef = 4701D7032555229100BF6AAF /* Assets.xcassets */; };
		4701D7072555229100BF6AAF /* LaunchScreen.storyboard in Resources */ = {isa = PBXBuildFile; fileRef = 4701D7052555229100BF6AAF /* LaunchScreen.storyboard */; };
		4701D7142555235900BF6AAF /* ResponseManager.swift in Sources */ = {isa = PBXBuildFile; fileRef = 4701D7132555235900BF6AAF /* ResponseManager.swift */; };
		4701D7182555236B00BF6AAF /* ResponseModel.swift in Sources */ = {isa = PBXBuildFile; fileRef = 4701D7172555236B00BF6AAF /* ResponseModel.swift */; };
		4701D71B2555242800BF6AAF /* Content.swift in Sources */ = {isa = PBXBuildFile; fileRef = 4701D71A2555242800BF6AAF /* Content.swift */; };
		47034DF325565C51006A7C9B /* ResponsiveSingleton.swift in Sources */ = {isa = PBXBuildFile; fileRef = 47034DF225565C51006A7C9B /* ResponsiveSingleton.swift */; };
		47034DF825565F1E006A7C9B /* ItemsListTableViewCell.swift in Sources */ = {isa = PBXBuildFile; fileRef = 47034DF625565F1E006A7C9B /* ItemsListTableViewCell.swift */; };
		47034DF925565F1E006A7C9B /* ItemsListTableViewCell.xib in Resources */ = {isa = PBXBuildFile; fileRef = 47034DF725565F1E006A7C9B /* ItemsListTableViewCell.xib */; };
		47034DFD25566ACE006A7C9B /* ViewControllerUtils.swift in Sources */ = {isa = PBXBuildFile; fileRef = 47034DFC25566ACE006A7C9B /* ViewControllerUtils.swift */; };
/* End PBXBuildFile section */

/* Begin PBXFileReference section */
		4701D6F72555229000BF6AAF /* Task_Assignment.app */ = {isa = PBXFileReference; explicitFileType = wrapper.application; includeInIndex = 0; path = Task_Assignment.app; sourceTree = BUILT_PRODUCTS_DIR; };
		4701D6FA2555229000BF6AAF /* AppDelegate.swift */ = {isa = PBXFileReference; lastKnownFileType = sourcecode.swift; path = AppDelegate.swift; sourceTree = "<group>"; };
		4701D6FC2555229000BF6AAF /* SceneDelegate.swift */ = {isa = PBXFileReference; lastKnownFileType = sourcecode.swift; path = SceneDelegate.swift; sourceTree = "<group>"; };
		4701D6FE2555229000BF6AAF /* ViewController.swift */ = {isa = PBXFileReference; lastKnownFileType = sourcecode.swift; path = ViewController.swift; sourceTree = "<group>"; };
		4701D7012555229000BF6AAF /* Base */ = {isa = PBXFileReference; lastKnownFileType = file.storyboard; name = Base; path = Base.lproj/Main.storyboard; sourceTree = "<group>"; };
		4701D7032555229100BF6AAF /* Assets.xcassets */ = {isa = PBXFileReference; lastKnownFileType = folder.assetcatalog; path = Assets.xcassets; sourceTree = "<group>"; };
		4701D7062555229100BF6AAF /* Base */ = {isa = PBXFileReference; lastKnownFileType = file.storyboard; name = Base; path = Base.lproj/LaunchScreen.storyboard; sourceTree = "<group>"; };
		4701D7082555229100BF6AAF /* Info.plist */ = {isa = PBXFileReference; lastKnownFileType = text.plist.xml; path = Info.plist; sourceTree = "<group>"; };
		4701D7132555235900BF6AAF /* ResponseManager.swift */ = {isa = PBXFileReference; lastKnownFileType = sourcecode.swift; path = ResponseManager.swift; sourceTree = "<group>"; };
		4701D7172555236B00BF6AAF /* ResponseModel.swift */ = {isa = PBXFileReference; lastKnownFileType = sourcecode.swift; path = ResponseModel.swift; sourceTree = "<group>"; };
		4701D71A2555242800BF6AAF /* Content.swift */ = {isa = PBXFileReference; lastKnownFileType = sourcecode.swift; path = Content.swift; sourceTree = "<group>"; };
		47034DF225565C51006A7C9B /* ResponsiveSingleton.swift */ = {isa = PBXFileReference; lastKnownFileType = sourcecode.swift; path = ResponsiveSingleton.swift; sourceTree = "<group>"; };
		47034DF625565F1E006A7C9B /* ItemsListTableViewCell.swift */ = {isa = PBXFileReference; lastKnownFileType = sourcecode.swift; path = ItemsListTableViewCell.swift; sourceTree = "<group>"; };
		47034DF725565F1E006A7C9B /* ItemsListTableViewCell.xib */ = {isa = PBXFileReference; lastKnownFileType = file.xib; path = ItemsListTableViewCell.xib; sourceTree = "<group>"; };
		47034DFC25566ACE006A7C9B /* ViewControllerUtils.swift */ = {isa = PBXFileReference; lastKnownFileType = sourcecode.swift; path = ViewControllerUtils.swift; sourceTree = "<group>"; };
/* End PBXFileReference section */

/* Begin PBXFrameworksBuildPhase section */
		4701D6F42555229000BF6AAF /* Frameworks */ = {
			isa = PBXFrameworksBuildPhase;
			buildActionMask = 2147483647;
			files = (
			);
			runOnlyForDeploymentPostprocessing = 0;
		};
/* End PBXFrameworksBuildPhase section */

/* Begin PBXGroup section */
		4701D6EE2555229000BF6AAF = {
			isa = PBXGroup;
			children = (
				4701D6F92555229000BF6AAF /* Task_Assignment */,
				4701D6F82555229000BF6AAF /* Products */,
			);
			sourceTree = "<group>";
		};
		4701D6F82555229000BF6AAF /* Products */ = {
			isa = PBXGroup;
			children = (
				4701D6F72555229000BF6AAF /* Task_Assignment.app */,
			);
			name = Products;
			sourceTree = "<group>";
		};
		4701D6F92555229000BF6AAF /* Task_Assignment */ = {
			isa = PBXGroup;
			children = (
				4701D7122555234200BF6AAF /* API_Manager */,
				47034DF525565EE3006A7C9B /* TableViewCells */,
				4701D6FA2555229000BF6AAF /* AppDelegate.swift */,
				4701D6FC2555229000BF6AAF /* SceneDelegate.swift */,
				4701D6FE2555229000BF6AAF /* ViewController.swift */,
				4701D7002555229000BF6AAF /* Main.storyboard */,
				4701D7032555229100BF6AAF /* Assets.xcassets */,
				4701D7052555229100BF6AAF /* LaunchScreen.storyboard */,
				4701D7082555229100BF6AAF /* Info.plist */,
				47034DFC25566ACE006A7C9B /* ViewControllerUtils.swift */,
			);
			path = Task_Assignment;
			sourceTree = "<group>";
		};
		4701D7122555234200BF6AAF /* API_Manager */ = {
			isa = PBXGroup;
			children = (
				4701D7132555235900BF6AAF /* ResponseManager.swift */,
				4701D7172555236B00BF6AAF /* ResponseModel.swift */,
				4701D71A2555242800BF6AAF /* Content.swift */,
				47034DF225565C51006A7C9B /* ResponsiveSingleton.swift */,
			);
			path = API_Manager;
			sourceTree = "<group>";
		};
		47034DF525565EE3006A7C9B /* TableViewCells */ = {
			isa = PBXGroup;
			children = (
				47034DF625565F1E006A7C9B /* ItemsListTableViewCell.swift */,
				47034DF725565F1E006A7C9B /* ItemsListTableViewCell.xib */,
			);
			path = TableViewCells;
			sourceTree = "<group>";
		};
/* End PBXGroup section */

/* Begin PBXNativeTarget section */
		4701D6F62555229000BF6AAF /* Task_Assignment */ = {
			isa = PBXNativeTarget;
			buildConfigurationList = 4701D70B2555229100BF6AAF /* Build configuration list for PBXNativeTarget "Task_Assignment" */;
			buildPhases = (
				4701D6F32555229000BF6AAF /* Sources */,
				4701D6F42555229000BF6AAF /* Frameworks */,
				4701D6F52555229000BF6AAF /* Resources */,
			);
			buildRules = (
			);
			dependencies = (
			);
			name = Task_Assignment;
			productName = Task_Assignment;
			productReference = 4701D6F72555229000BF6AAF /* Task_Assignment.app */;
			productType = "com.apple.product-type.application";
		};
/* End PBXNativeTarget section */

/* Begin PBXProject section */
		4701D6EF2555229000BF6AAF /* Project object */ = {
			isa = PBXProject;
			attributes = {
				LastSwiftUpdateCheck = 1210;
				LastUpgradeCheck = 1210;
				TargetAttributes = {
					4701D6F62555229000BF6AAF = {
						CreatedOnToolsVersion = 12.1;
					};
				};
			};
			buildConfigurationList = 4701D6F22555229000BF6AAF /* Build configuration list for PBXProject "Task_Assignment" */;
			compatibilityVersion = "Xcode 9.3";
			developmentRegion = en;
			hasScannedForEncodings = 0;
			knownRegions = (
				en,
				Base,
			);
			mainGroup = 4701D6EE2555229000BF6AAF;
			productRefGroup = 4701D6F82555229000BF6AAF /* Products */;
			projectDirPath = "";
			projectRoot = "";
			targets = (
				4701D6F62555229000BF6AAF /* Task_Assignment */,
			);
		};
/* End PBXProject section */

/* Begin PBXResourcesBuildPhase section */
		4701D6F52555229000BF6AAF /* Resources */ = {
			isa = PBXResourcesBuildPhase;
			buildActionMask = 2147483647;
			files = (
				47034DF925565F1E006A7C9B /* ItemsListTableViewCell.xib in Resources */,
				4701D7072555229100BF6AAF /* LaunchScreen.storyboard in Resources */,
				4701D7042555229100BF6AAF /* Assets.xcassets in Resources */,
				4701D7022555229000BF6AAF /* Main.storyboard in Resources */,
			);
			runOnlyForDeploymentPostprocessing = 0;
		};
/* End PBXResourcesBuildPhase section */

/* Begin PBXSourcesBuildPhase section */
		4701D6F32555229000BF6AAF /* Sources */ = {
			isa = PBXSourcesBuildPhase;
			buildActionMask = 2147483647;
			files = (
				47034DF825565F1E006A7C9B /* ItemsListTableViewCell.swift in Sources */,
				4701D6FF2555229000BF6AAF /* ViewController.swift in Sources */,
				4701D6FB2555229000BF6AAF /* AppDelegate.swift in Sources */,
				47034DF325565C51006A7C9B /* ResponsiveSingleton.swift in Sources */,
				4701D7142555235900BF6AAF /* ResponseManager.swift in Sources */,
				4701D7182555236B00BF6AAF /* ResponseModel.swift in Sources */,
				4701D6FD2555229000BF6AAF /* SceneDelegate.swift in Sources */,
				4701D71B2555242800BF6AAF /* Content.swift in Sources */,
				47034DFD25566ACE006A7C9B /* ViewControllerUtils.swift in Sources */,
			);
			runOnlyForDeploymentPostprocessing = 0;
		};
/* End PBXSourcesBuildPhase section */

/* Begin PBXVariantGroup section */
		4701D7002555229000BF6AAF /* Main.storyboard */ = {
			isa = PBXVariantGroup;
			children = (
				4701D7012555229000BF6AAF /* Base */,
			);
			name = Main.storyboard;
			sourceTree = "<group>";
		};
		4701D7052555229100BF6AAF /* LaunchScreen.storyboard */ = {
			isa = PBXVariantGroup;
			children = (
				4701D7062555229100BF6AAF /* Base */,
			);
			name = LaunchScreen.storyboard;
			sourceTree = "<group>";
		};
/* End PBXVariantGroup section */

/* Begin XCBuildConfiguration section */
		4701D7092555229100BF6AAF /* Debug */ = {
			isa = XCBuildConfiguration;
			buildSettings = {
				ALWAYS_SEARCH_USER_PATHS = NO;
				CLANG_ANALYZER_NONNULL = YES;
				CLANG_ANALYZER_NUMBER_OBJECT_CONVERSION = YES_AGGRESSIVE;
				CLANG_CXX_LANGUAGE_STANDARD = "gnu++14";
				CLANG_CXX_LIBRARY = "libc++";
				CLANG_ENABLE_MODULES = YES;
				CLANG_ENABLE_OBJC_ARC = YES;
				CLANG_ENABLE_OBJC_WEAK = YES;
				CLANG_WARN_BLOCK_CAPTURE_AUTORELEASING = YES;
				CLANG_WARN_BOOL_CONVERSION = YES;
				CLANG_WARN_COMMA = YES;
				CLANG_WARN_CONSTANT_CONVERSION = YES;
				CLANG_WARN_DEPRECATED_OBJC_IMPLEMENTATIONS = YES;
				CLANG_WARN_DIRECT_OBJC_ISA_USAGE = YES_ERROR;
				CLANG_WARN_DOCUMENTATION_COMMENTS = YES;
				CLANG_WARN_EMPTY_BODY = YES;
				CLANG_WARN_ENUM_CONVERSION = YES;
				CLANG_WARN_INFINITE_RECURSION = YES;
				CLANG_WARN_INT_CONVERSION = YES;
				CLANG_WARN_NON_LITERAL_NULL_CONVERSION = YES;
				CLANG_WARN_OBJC_IMPLICIT_RETAIN_SELF = YES;
				CLANG_WARN_OBJC_LITERAL_CONVERSION = YES;
				CLANG_WARN_OBJC_ROOT_CLASS = YES_ERROR;
				CLANG_WARN_QUOTED_INCLUDE_IN_FRAMEWORK_HEADER = YES;
				CLANG_WARN_RANGE_LOOP_ANALYSIS = YES;
				CLANG_WARN_STRICT_PROTOTYPES = YES;
				CLANG_WARN_SUSPICIOUS_MOVE = YES;
				CLANG_WARN_UNGUARDED_AVAILABILITY = YES_AGGRESSIVE;
				CLANG_WARN_UNREACHABLE_CODE = YES;
				CLANG_WARN__DUPLICATE_METHOD_MATCH = YES;
				COPY_PHASE_STRIP = NO;
				DEBUG_INFORMATION_FORMAT = dwarf;
				ENABLE_STRICT_OBJC_MSGSEND = YES;
				ENABLE_TESTABILITY = YES;
				GCC_C_LANGUAGE_STANDARD = gnu11;
				GCC_DYNAMIC_NO_PIC = NO;
				GCC_NO_COMMON_BLOCKS = YES;
				GCC_OPTIMIZATION_LEVEL = 0;
				GCC_PREPROCESSOR_DEFINITIONS = (
					"DEBUG=1",
					"$(inherited)",
				);
				GCC_WARN_64_TO_32_BIT_CONVERSION = YES;
				GCC_WARN_ABOUT_RETURN_TYPE = YES_ERROR;
				GCC_WARN_UNDECLARED_SELECTOR = YES;
				GCC_WARN_UNINITIALIZED_AUTOS = YES_AGGRESSIVE;
				GCC_WARN_UNUSED_FUNCTION = YES;
				GCC_WARN_UNUSED_VARIABLE = YES;
				IPHONEOS_DEPLOYMENT_TARGET = 14.1;
				MTL_ENABLE_DEBUG_INFO = INCLUDE_SOURCE;
				MTL_FAST_MATH = YES;
				ONLY_ACTIVE_ARCH = YES;
				SDKROOT = iphoneos;
				SWIFT_ACTIVE_COMPILATION_CONDITIONS = DEBUG;
				SWIFT_OPTIMIZATION_LEVEL = "-Onone";
			};
			name = Debug;
		};
		4701D70A2555229100BF6AAF /* Release */ = {
			isa = XCBuildConfiguration;
			buildSettings = {
				ALWAYS_SEARCH_USER_PATHS = NO;
				CLANG_ANALYZER_NONNULL = YES;
				CLANG_ANALYZER_NUMBER_OBJECT_CONVERSION = YES_AGGRESSIVE;
				CLANG_CXX_LANGUAGE_STANDARD = "gnu++14";
				CLANG_CXX_LIBRARY = "libc++";
				CLANG_ENABLE_MODULES = YES;
				CLANG_ENABLE_OBJC_ARC = YES;
				CLANG_ENABLE_OBJC_WEAK = YES;
				CLANG_WARN_BLOCK_CAPTURE_AUTORELEASING = YES;
				CLANG_WARN_BOOL_CONVERSION = YES;
				CLANG_WARN_COMMA = YES;
				CLANG_WARN_CONSTANT_CONVERSION = YES;
				CLANG_WARN_DEPRECATED_OBJC_IMPLEMENTATIONS = YES;
				CLANG_WARN_DIRECT_OBJC_ISA_USAGE = YES_ERROR;
				CLANG_WARN_DOCUMENTATION_COMMENTS = YES;
				CLANG_WARN_EMPTY_BODY = YES;
				CLANG_WARN_ENUM_CONVERSION = YES;
				CLANG_WARN_INFINITE_RECURSION = YES;
				CLANG_WARN_INT_CONVERSION = YES;
				CLANG_WARN_NON_LITERAL_NULL_CONVERSION = YES;
				CLANG_WARN_OBJC_IMPLICIT_RETAIN_SELF = YES;
				CLANG_WARN_OBJC_LITERAL_CONVERSION = YES;
				CLANG_WARN_OBJC_ROOT_CLASS = YES_ERROR;
				CLANG_WARN_QUOTED_INCLUDE_IN_FRAMEWORK_HEADER = YES;
				CLANG_WARN_RANGE_LOOP_ANALYSIS = YES;
				CLANG_WARN_STRICT_PROTOTYPES = YES;
				CLANG_WARN_SUSPICIOUS_MOVE = YES;
				CLANG_WARN_UNGUARDED_AVAILABILITY = YES_AGGRESSIVE;
				CLANG_WARN_UNREACHABLE_CODE = YES;
				CLANG_WARN__DUPLICATE_METHOD_MATCH = YES;
				COPY_PHASE_STRIP = NO;
				DEBUG_INFORMATION_FORMAT = "dwarf-with-dsym";
				ENABLE_NS_ASSERTIONS = NO;
				ENABLE_STRICT_OBJC_MSGSEND = YES;
				GCC_C_LANGUAGE_STANDARD = gnu11;
				GCC_NO_COMMON_BLOCKS = YES;
				GCC_WARN_64_TO_32_BIT_CONVERSION = YES;
				GCC_WARN_ABOUT_RETURN_TYPE = YES_ERROR;
				GCC_WARN_UNDECLARED_SELECTOR = YES;
				GCC_WARN_UNINITIALIZED_AUTOS = YES_AGGRESSIVE;
				GCC_WARN_UNUSED_FUNCTION = YES;
				GCC_WARN_UNUSED_VARIABLE = YES;
				IPHONEOS_DEPLOYMENT_TARGET = 14.1;
				MTL_ENABLE_DEBUG_INFO = NO;
				MTL_FAST_MATH = YES;
				SDKROOT = iphoneos;
				SWIFT_COMPILATION_MODE = wholemodule;
				SWIFT_OPTIMIZATION_LEVEL = "-O";
				VALIDATE_PRODUCT = YES;
			};
			name = Release;
		};
		4701D70C2555229100BF6AAF /* Debug */ = {
			isa = XCBuildConfiguration;
			buildSettings = {
				ASSETCATALOG_COMPILER_APPICON_NAME = AppIcon;
				ASSETCATALOG_COMPILER_GLOBAL_ACCENT_COLOR_NAME = AccentColor;
				CODE_SIGN_STYLE = Automatic;
				DEVELOPMENT_TEAM = C66F398TN2;
				INFOPLIST_FILE = Task_Assignment/Info.plist;
				LD_RUNPATH_SEARCH_PATHS = (
					"$(inherited)",
					"@executable_path/Frameworks",
				);
				PRODUCT_BUNDLE_IDENTIFIER = "com.Manohar..Task-Assignment";
				PRODUCT_NAME = "$(TARGET_NAME)";
				SWIFT_VERSION = 5.0;
				TARGETED_DEVICE_FAMILY = "1,2";
			};
			name = Debug;
		};
		4701D70D2555229100BF6AAF /* Release */ = {
			isa = XCBuildConfiguration;
			buildSettings = {
				ASSETCATALOG_COMPILER_APPICON_NAME = AppIcon;
				ASSETCATALOG_COMPILER_GLOBAL_ACCENT_COLOR_NAME = AccentColor;
				CODE_SIGN_STYLE = Automatic;
				DEVELOPMENT_TEAM = C66F398TN2;
				INFOPLIST_FILE = Task_Assignment/Info.plist;
				LD_RUNPATH_SEARCH_PATHS = (
					"$(inherited)",
					"@executable_path/Frameworks",
				);
				PRODUCT_BUNDLE_IDENTIFIER = "com.Manohar..Task-Assignment";
				PRODUCT_NAME = "$(TARGET_NAME)";
				SWIFT_VERSION = 5.0;
				TARGETED_DEVICE_FAMILY = "1,2";
			};
			name = Release;
		};
/* End XCBuildConfiguration section */

/* Begin XCConfigurationList section */
		4701D6F22555229000BF6AAF /* Build configuration list for PBXProject "Task_Assignment" */ = {
			isa = XCConfigurationList;
			buildConfigurations = (
				4701D7092555229100BF6AAF /* Debug */,
				4701D70A2555229100BF6AAF /* Release */,
			);
			defaultConfigurationIsVisible = 0;
			defaultConfigurationName = Release;
		};
		4701D70B2555229100BF6AAF /* Build configuration list for PBXNativeTarget "Task_Assignment" */ = {
			isa = XCConfigurationList;
			buildConfigurations = (
				4701D70C2555229100BF6AAF /* Debug */,
				4701D70D2555229100BF6AAF /* Release */,
			);
			defaultConfigurationIsVisible = 0;
			defaultConfigurationName = Release;
		};
/* End XCConfigurationList section */
	};
	rootObject = 4701D6EF2555229000BF6AAF /* Project object */;
}
